// !$*UTF8*$!
{
	archiveVersion = 1;
	classes = {
	};
	objectVersion = 51;
	objects = {

/* Begin PBXBuildFile section */
		1B793A18390FCC29ABF3C28A /* Pods_GamingNews.framework in Frameworks */ = {isa = PBXBuildFile; fileRef = 2202B0BA46E4B949ED2D06A7 /* Pods_GamingNews.framework */; };
		8B14A10824D55BF900B49275 /* RSSFeedViewController.swift in Sources */ = {isa = PBXBuildFile; fileRef = 8B14A10724D55BF900B49275 /* RSSFeedViewController.swift */; };
		8B14A10A24D55C0B00B49275 /* RSSFeedViewModel.swift in Sources */ = {isa = PBXBuildFile; fileRef = 8B14A10924D55C0B00B49275 /* RSSFeedViewModel.swift */; };
		8B14A10C24D55C3300B49275 /* ArticleTableViewCell.swift in Sources */ = {isa = PBXBuildFile; fileRef = 8B14A10B24D55C3300B49275 /* ArticleTableViewCell.swift */; };
		8B14A10E24D55C4700B49275 /* RSSFeedStoryboard.storyboard in Resources */ = {isa = PBXBuildFile; fileRef = 8B14A10D24D55C4700B49275 /* RSSFeedStoryboard.storyboard */; };
		8B14A11524D5648B00B49275 /* assets-images.swift in Sources */ = {isa = PBXBuildFile; fileRef = 8B14A11124D5648B00B49275 /* assets-images.swift */; };
		8B14A11624D5648B00B49275 /* StoryboardScenes.swift in Sources */ = {isa = PBXBuildFile; fileRef = 8B14A11224D5648B00B49275 /* StoryboardScenes.swift */; };
		8B14A11724D5648B00B49275 /* StoryboardSegues.swift in Sources */ = {isa = PBXBuildFile; fileRef = 8B14A11324D5648B00B49275 /* StoryboardSegues.swift */; };
		8B14A11824D5648B00B49275 /* strings.swift in Sources */ = {isa = PBXBuildFile; fileRef = 8B14A11424D5648B00B49275 /* strings.swift */; };
		8B14A11A24D5655200B49275 /* localizable.strings in Resources */ = {isa = PBXBuildFile; fileRef = 8B14A11924D5655200B49275 /* localizable.strings */; };
		8B57CFDD24CC18FB003D8789 /* Thematic.swift in Sources */ = {isa = PBXBuildFile; fileRef = 8B57CFDC24CC18FB003D8789 /* Thematic.swift */; };
		8B57CFE024CC1CDE003D8789 /* ThematicViewModel.swift in Sources */ = {isa = PBXBuildFile; fileRef = 8B57CFDF24CC1CDE003D8789 /* ThematicViewModel.swift */; };
		8B57CFE624CC22BE003D8789 /* ThematicCollectionCell.swift in Sources */ = {isa = PBXBuildFile; fileRef = 8B57CFE524CC22BE003D8789 /* ThematicCollectionCell.swift */; };
		8BDF12A924B78989003772A4 /* GoogleService-Info.plist in Resources */ = {isa = PBXBuildFile; fileRef = 8BDF12A824B78989003772A4 /* GoogleService-Info.plist */; };
		8BF0EDE224AE3062002DE29E /* RssService.swift in Sources */ = {isa = PBXBuildFile; fileRef = 8BF0EDE124AE3062002DE29E /* RssService.swift */; };
		8BF7C84424ADF1210080D9C6 /* AppDelegate.swift in Sources */ = {isa = PBXBuildFile; fileRef = 8BF7C84324ADF1210080D9C6 /* AppDelegate.swift */; };
		8BF7C84624ADF1210080D9C6 /* SceneDelegate.swift in Sources */ = {isa = PBXBuildFile; fileRef = 8BF7C84524ADF1210080D9C6 /* SceneDelegate.swift */; };
		8BF7C84824ADF1210080D9C6 /* ThematicCollectionViewController.swift in Sources */ = {isa = PBXBuildFile; fileRef = 8BF7C84724ADF1210080D9C6 /* ThematicCollectionViewController.swift */; };
		8BF7C84B24ADF1210080D9C6 /* Main.storyboard in Resources */ = {isa = PBXBuildFile; fileRef = 8BF7C84924ADF1210080D9C6 /* Main.storyboard */; };
		8BF7C84D24ADF1240080D9C6 /* Assets.xcassets in Resources */ = {isa = PBXBuildFile; fileRef = 8BF7C84C24ADF1240080D9C6 /* Assets.xcassets */; };
		8BF7C85024ADF1240080D9C6 /* LaunchScreen.storyboard in Resources */ = {isa = PBXBuildFile; fileRef = 8BF7C84E24ADF1240080D9C6 /* LaunchScreen.storyboard */; };
		8BF7C85B24ADF1240080D9C6 /* GamingNewsTests.swift in Sources */ = {isa = PBXBuildFile; fileRef = 8BF7C85A24ADF1240080D9C6 /* GamingNewsTests.swift */; };
		E4F497CDCF0FFA61A62413A4 /* Pods_GamingNews_GamingNewsTests.framework in Frameworks */ = {isa = PBXBuildFile; fileRef = EE5C04BFCFB4EF13AA84A928 /* Pods_GamingNews_GamingNewsTests.framework */; };
/* End PBXBuildFile section */

/* Begin PBXContainerItemProxy section */
		8BF7C85724ADF1240080D9C6 /* PBXContainerItemProxy */ = {
			isa = PBXContainerItemProxy;
			containerPortal = 8BF7C83824ADF1200080D9C6 /* Project object */;
			proxyType = 1;
			remoteGlobalIDString = 8BF7C83F24ADF1210080D9C6;
			remoteInfo = GamingNews;
		};
/* End PBXContainerItemProxy section */

/* Begin PBXFileReference section */
		2202B0BA46E4B949ED2D06A7 /* Pods_GamingNews.framework */ = {isa = PBXFileReference; explicitFileType = wrapper.framework; includeInIndex = 0; path = Pods_GamingNews.framework; sourceTree = BUILT_PRODUCTS_DIR; };
		56AFD3751F7741CA80882D16 /* Pods-GamingNews-GamingNewsTests.debug.xcconfig */ = {isa = PBXFileReference; includeInIndex = 1; lastKnownFileType = text.xcconfig; name = "Pods-GamingNews-GamingNewsTests.debug.xcconfig"; path = "Target Support Files/Pods-GamingNews-GamingNewsTests/Pods-GamingNews-GamingNewsTests.debug.xcconfig"; sourceTree = "<group>"; };
		80A74B0DFF31D221B34EC971 /* Pods-GamingNews-GamingNewsTests.release.xcconfig */ = {isa = PBXFileReference; includeInIndex = 1; lastKnownFileType = text.xcconfig; name = "Pods-GamingNews-GamingNewsTests.release.xcconfig"; path = "Target Support Files/Pods-GamingNews-GamingNewsTests/Pods-GamingNews-GamingNewsTests.release.xcconfig"; sourceTree = "<group>"; };
		8136AB9A49E5A4ABED2794E3 /* Pods-GamingNews.debug.xcconfig */ = {isa = PBXFileReference; includeInIndex = 1; lastKnownFileType = text.xcconfig; name = "Pods-GamingNews.debug.xcconfig"; path = "Target Support Files/Pods-GamingNews/Pods-GamingNews.debug.xcconfig"; sourceTree = "<group>"; };
		8B14A10724D55BF900B49275 /* RSSFeedViewController.swift */ = {isa = PBXFileReference; lastKnownFileType = sourcecode.swift; path = RSSFeedViewController.swift; sourceTree = "<group>"; };
		8B14A10924D55C0B00B49275 /* RSSFeedViewModel.swift */ = {isa = PBXFileReference; lastKnownFileType = sourcecode.swift; path = RSSFeedViewModel.swift; sourceTree = "<group>"; };
		8B14A10B24D55C3300B49275 /* ArticleTableViewCell.swift */ = {isa = PBXFileReference; lastKnownFileType = sourcecode.swift; path = ArticleTableViewCell.swift; sourceTree = "<group>"; };
		8B14A10D24D55C4700B49275 /* RSSFeedStoryboard.storyboard */ = {isa = PBXFileReference; lastKnownFileType = file.storyboard; path = RSSFeedStoryboard.storyboard; sourceTree = "<group>"; };
		8B14A10F24D560A600B49275 /* swiftgen.yml */ = {isa = PBXFileReference; lastKnownFileType = text.yaml; path = swiftgen.yml; sourceTree = "<group>"; };
		8B14A11124D5648B00B49275 /* assets-images.swift */ = {isa = PBXFileReference; fileEncoding = 4; lastKnownFileType = sourcecode.swift; path = "assets-images.swift"; sourceTree = "<group>"; };
		8B14A11224D5648B00B49275 /* StoryboardScenes.swift */ = {isa = PBXFileReference; fileEncoding = 4; lastKnownFileType = sourcecode.swift; path = StoryboardScenes.swift; sourceTree = "<group>"; };
		8B14A11324D5648B00B49275 /* StoryboardSegues.swift */ = {isa = PBXFileReference; fileEncoding = 4; lastKnownFileType = sourcecode.swift; path = StoryboardSegues.swift; sourceTree = "<group>"; };
		8B14A11424D5648B00B49275 /* strings.swift */ = {isa = PBXFileReference; fileEncoding = 4; lastKnownFileType = sourcecode.swift; path = strings.swift; sourceTree = "<group>"; };
		8B14A11924D5655200B49275 /* localizable.strings */ = {isa = PBXFileReference; lastKnownFileType = text.plist.strings; path = localizable.strings; sourceTree = "<group>"; };
		8B57CFDC24CC18FB003D8789 /* Thematic.swift */ = {isa = PBXFileReference; lastKnownFileType = sourcecode.swift; path = Thematic.swift; sourceTree = "<group>"; };
		8B57CFDF24CC1CDE003D8789 /* ThematicViewModel.swift */ = {isa = PBXFileReference; lastKnownFileType = sourcecode.swift; path = ThematicViewModel.swift; sourceTree = "<group>"; };
		8B57CFE524CC22BE003D8789 /* ThematicCollectionCell.swift */ = {isa = PBXFileReference; lastKnownFileType = sourcecode.swift; path = ThematicCollectionCell.swift; sourceTree = "<group>"; };
		8BDF12A824B78989003772A4 /* GoogleService-Info.plist */ = {isa = PBXFileReference; fileEncoding = 4; lastKnownFileType = text.plist.xml; path = "GoogleService-Info.plist"; sourceTree = "<group>"; };
		8BF0EDE124AE3062002DE29E /* RssService.swift */ = {isa = PBXFileReference; lastKnownFileType = sourcecode.swift; path = RssService.swift; sourceTree = "<group>"; };
		8BF7C84024ADF1210080D9C6 /* GamingNews.app */ = {isa = PBXFileReference; explicitFileType = wrapper.application; includeInIndex = 0; path = GamingNews.app; sourceTree = BUILT_PRODUCTS_DIR; };
		8BF7C84324ADF1210080D9C6 /* AppDelegate.swift */ = {isa = PBXFileReference; lastKnownFileType = sourcecode.swift; path = AppDelegate.swift; sourceTree = "<group>"; };
		8BF7C84524ADF1210080D9C6 /* SceneDelegate.swift */ = {isa = PBXFileReference; lastKnownFileType = sourcecode.swift; path = SceneDelegate.swift; sourceTree = "<group>"; };
		8BF7C84724ADF1210080D9C6 /* ThematicCollectionViewController.swift */ = {isa = PBXFileReference; lastKnownFileType = sourcecode.swift; path = ThematicCollectionViewController.swift; sourceTree = "<group>"; };
		8BF7C84A24ADF1210080D9C6 /* Base */ = {isa = PBXFileReference; lastKnownFileType = file.storyboard; name = Base; path = Base.lproj/Main.storyboard; sourceTree = "<group>"; };
		8BF7C84C24ADF1240080D9C6 /* Assets.xcassets */ = {isa = PBXFileReference; lastKnownFileType = folder.assetcatalog; path = Assets.xcassets; sourceTree = "<group>"; };
		8BF7C84F24ADF1240080D9C6 /* Base */ = {isa = PBXFileReference; lastKnownFileType = file.storyboard; name = Base; path = Base.lproj/LaunchScreen.storyboard; sourceTree = "<group>"; };
		8BF7C85124ADF1240080D9C6 /* Info.plist */ = {isa = PBXFileReference; lastKnownFileType = text.plist.xml; path = Info.plist; sourceTree = "<group>"; };
		8BF7C85624ADF1240080D9C6 /* GamingNewsTests.xctest */ = {isa = PBXFileReference; explicitFileType = wrapper.cfbundle; includeInIndex = 0; path = GamingNewsTests.xctest; sourceTree = BUILT_PRODUCTS_DIR; };
		8BF7C85A24ADF1240080D9C6 /* GamingNewsTests.swift */ = {isa = PBXFileReference; lastKnownFileType = sourcecode.swift; path = GamingNewsTests.swift; sourceTree = "<group>"; };
		8BF7C85C24ADF1240080D9C6 /* Info.plist */ = {isa = PBXFileReference; lastKnownFileType = text.plist.xml; path = Info.plist; sourceTree = "<group>"; };
		D516AB4B4C4A45D44F9BC584 /* Pods-GamingNews.release.xcconfig */ = {isa = PBXFileReference; includeInIndex = 1; lastKnownFileType = text.xcconfig; name = "Pods-GamingNews.release.xcconfig"; path = "Target Support Files/Pods-GamingNews/Pods-GamingNews.release.xcconfig"; sourceTree = "<group>"; };
		EE5C04BFCFB4EF13AA84A928 /* Pods_GamingNews_GamingNewsTests.framework */ = {isa = PBXFileReference; explicitFileType = wrapper.framework; includeInIndex = 0; path = Pods_GamingNews_GamingNewsTests.framework; sourceTree = BUILT_PRODUCTS_DIR; };
/* End PBXFileReference section */

/* Begin PBXFrameworksBuildPhase section */
		8BF7C83D24ADF1210080D9C6 /* Frameworks */ = {
			isa = PBXFrameworksBuildPhase;
			buildActionMask = 2147483647;
			files = (
				1B793A18390FCC29ABF3C28A /* Pods_GamingNews.framework in Frameworks */,
			);
			runOnlyForDeploymentPostprocessing = 0;
		};
		8BF7C85324ADF1240080D9C6 /* Frameworks */ = {
			isa = PBXFrameworksBuildPhase;
			buildActionMask = 2147483647;
			files = (
				E4F497CDCF0FFA61A62413A4 /* Pods_GamingNews_GamingNewsTests.framework in Frameworks */,
			);
			runOnlyForDeploymentPostprocessing = 0;
		};
/* End PBXFrameworksBuildPhase section */

/* Begin PBXGroup section */
		4C042672A1331DEC5CCA30F6 /* Pods */ = {
			isa = PBXGroup;
			children = (
				8136AB9A49E5A4ABED2794E3 /* Pods-GamingNews.debug.xcconfig */,
				D516AB4B4C4A45D44F9BC584 /* Pods-GamingNews.release.xcconfig */,
				56AFD3751F7741CA80882D16 /* Pods-GamingNews-GamingNewsTests.debug.xcconfig */,
				80A74B0DFF31D221B34EC971 /* Pods-GamingNews-GamingNewsTests.release.xcconfig */,
			);
			path = Pods;
			sourceTree = "<group>";
		};
		8B14A10624D55BBD00B49275 /* RSSFeedInterface */ = {
			isa = PBXGroup;
			children = (
				8B14A10724D55BF900B49275 /* RSSFeedViewController.swift */,
				8B14A10924D55C0B00B49275 /* RSSFeedViewModel.swift */,
				8B14A10B24D55C3300B49275 /* ArticleTableViewCell.swift */,
				8B14A10D24D55C4700B49275 /* RSSFeedStoryboard.storyboard */,
			);
			path = RSSFeedInterface;
			sourceTree = "<group>";
		};
		8B14A11024D5617A00B49275 /* SwiftGen */ = {
			isa = PBXGroup;
			children = (
				8B14A11124D5648B00B49275 /* assets-images.swift */,
				8B14A11224D5648B00B49275 /* StoryboardScenes.swift */,
				8B14A11324D5648B00B49275 /* StoryboardSegues.swift */,
				8B14A11424D5648B00B49275 /* strings.swift */,
			);
			path = SwiftGen;
			sourceTree = "<group>";
		};
		8B57CFDE24CC1C1B003D8789 /* ThematicsInterface */ = {
			isa = PBXGroup;
			children = (
				8BF7C84724ADF1210080D9C6 /* ThematicCollectionViewController.swift */,
				8B57CFDF24CC1CDE003D8789 /* ThematicViewModel.swift */,
				8B57CFE524CC22BE003D8789 /* ThematicCollectionCell.swift */,
				8BF7C84924ADF1210080D9C6 /* Main.storyboard */,
			);
			path = ThematicsInterface;
			sourceTree = "<group>";
		};
		8BF0EDE024AE304E002DE29E /* Networking */ = {
			isa = PBXGroup;
			children = (
				8BF0EDE124AE3062002DE29E /* RssService.swift */,
			);
			path = Networking;
			sourceTree = "<group>";
		};
		8BF7C83724ADF1200080D9C6 = {
			isa = PBXGroup;
			children = (
				8B14A10F24D560A600B49275 /* swiftgen.yml */,
				8BF7C84224ADF1210080D9C6 /* GamingNews */,
				8BF7C85924ADF1240080D9C6 /* GamingNewsTests */,
				8BF7C84124ADF1210080D9C6 /* Products */,
				4C042672A1331DEC5CCA30F6 /* Pods */,
				CCD651A3C0EDF347DF1B8F71 /* Frameworks */,
			);
			sourceTree = "<group>";
		};
		8BF7C84124ADF1210080D9C6 /* Products */ = {
			isa = PBXGroup;
			children = (
				8BF7C84024ADF1210080D9C6 /* GamingNews.app */,
				8BF7C85624ADF1240080D9C6 /* GamingNewsTests.xctest */,
			);
			name = Products;
			sourceTree = "<group>";
		};
		8BF7C84224ADF1210080D9C6 /* GamingNews */ = {
			isa = PBXGroup;
			children = (
				8B14A11024D5617A00B49275 /* SwiftGen */,
				8BF0EDE024AE304E002DE29E /* Networking */,
				8BF7C84324ADF1210080D9C6 /* AppDelegate.swift */,
				8B57CFDE24CC1C1B003D8789 /* ThematicsInterface */,
				8B14A10624D55BBD00B49275 /* RSSFeedInterface */,
				8BF7C84524ADF1210080D9C6 /* SceneDelegate.swift */,
				8B57CFDC24CC18FB003D8789 /* Thematic.swift */,
				8BF7C84C24ADF1240080D9C6 /* Assets.xcassets */,
				8BF7C84E24ADF1240080D9C6 /* LaunchScreen.storyboard */,
				8BF7C85124ADF1240080D9C6 /* Info.plist */,
				8BDF12A824B78989003772A4 /* GoogleService-Info.plist */,
				8B14A11924D5655200B49275 /* localizable.strings */,
			);
			path = GamingNews;
			sourceTree = "<group>";
		};
		8BF7C85924ADF1240080D9C6 /* GamingNewsTests */ = {
			isa = PBXGroup;
			children = (
				8BF7C85A24ADF1240080D9C6 /* GamingNewsTests.swift */,
				8BF7C85C24ADF1240080D9C6 /* Info.plist */,
			);
			path = GamingNewsTests;
			sourceTree = "<group>";
		};
		CCD651A3C0EDF347DF1B8F71 /* Frameworks */ = {
			isa = PBXGroup;
			children = (
				2202B0BA46E4B949ED2D06A7 /* Pods_GamingNews.framework */,
				EE5C04BFCFB4EF13AA84A928 /* Pods_GamingNews_GamingNewsTests.framework */,
			);
			name = Frameworks;
			sourceTree = "<group>";
		};
/* End PBXGroup section */

/* Begin PBXNativeTarget section */
		8BF7C83F24ADF1210080D9C6 /* GamingNews */ = {
			isa = PBXNativeTarget;
			buildConfigurationList = 8BF7C85F24ADF1240080D9C6 /* Build configuration list for PBXNativeTarget "GamingNews" */;
			buildPhases = (
				28B23F76DED7F4CD0D037900 /* [CP] Check Pods Manifest.lock */,
				8BF7C83C24ADF1210080D9C6 /* Sources */,
				8BF7C83D24ADF1210080D9C6 /* Frameworks */,
				8BF7C83E24ADF1210080D9C6 /* Resources */,
				8B9BD3F124C071E6002D4232 /* ShellScript */,
				762E1EDE5C041E9B738179CA /* [CP] Embed Pods Frameworks */,
			);
			buildRules = (
			);
			dependencies = (
			);
			name = GamingNews;
			productName = GamingNews;
			productReference = 8BF7C84024ADF1210080D9C6 /* GamingNews.app */;
			productType = "com.apple.product-type.application";
		};
		8BF7C85524ADF1240080D9C6 /* GamingNewsTests */ = {
			isa = PBXNativeTarget;
			buildConfigurationList = 8BF7C86224ADF1240080D9C6 /* Build configuration list for PBXNativeTarget "GamingNewsTests" */;
			buildPhases = (
				2DEB07644775D898D2064787 /* [CP] Check Pods Manifest.lock */,
				8BF7C85224ADF1240080D9C6 /* Sources */,
				8BF7C85324ADF1240080D9C6 /* Frameworks */,
				8BF7C85424ADF1240080D9C6 /* Resources */,
				EA87ECD465C61DF889DAF2D9 /* [CP] Embed Pods Frameworks */,
			);
			buildRules = (
			);
			dependencies = (
				8BF7C85824ADF1240080D9C6 /* PBXTargetDependency */,
			);
			name = GamingNewsTests;
			productName = GamingNewsTests;
			productReference = 8BF7C85624ADF1240080D9C6 /* GamingNewsTests.xctest */;
			productType = "com.apple.product-type.bundle.unit-test";
		};
/* End PBXNativeTarget section */

/* Begin PBXProject section */
		8BF7C83824ADF1200080D9C6 /* Project object */ = {
			isa = PBXProject;
			attributes = {
				LastSwiftUpdateCheck = 1140;
				LastUpgradeCheck = 1140;
				ORGANIZATIONNAME = NatProd;
				TargetAttributes = {
					8BF7C83F24ADF1210080D9C6 = {
						CreatedOnToolsVersion = 11.4;
					};
					8BF7C85524ADF1240080D9C6 = {
						CreatedOnToolsVersion = 11.4;
						TestTargetID = 8BF7C83F24ADF1210080D9C6;
					};
				};
			};
			buildConfigurationList = 8BF7C83B24ADF1200080D9C6 /* Build configuration list for PBXProject "GamingNews" */;
			compatibilityVersion = "Xcode 9.3";
			developmentRegion = en;
			hasScannedForEncodings = 0;
			knownRegions = (
				en,
				Base,
			);
			mainGroup = 8BF7C83724ADF1200080D9C6;
			productRefGroup = 8BF7C84124ADF1210080D9C6 /* Products */;
			projectDirPath = "";
			projectRoot = "";
			targets = (
				8BF7C83F24ADF1210080D9C6 /* GamingNews */,
				8BF7C85524ADF1240080D9C6 /* GamingNewsTests */,
			);
		};
/* End PBXProject section */

/* Begin PBXResourcesBuildPhase section */
		8BF7C83E24ADF1210080D9C6 /* Resources */ = {
			isa = PBXResourcesBuildPhase;
			buildActionMask = 2147483647;
			files = (
				8BF7C85024ADF1240080D9C6 /* LaunchScreen.storyboard in Resources */,
				8BDF12A924B78989003772A4 /* GoogleService-Info.plist in Resources */,
				8BF7C84D24ADF1240080D9C6 /* Assets.xcassets in Resources */,
				8B14A11A24D5655200B49275 /* localizable.strings in Resources */,
				8BF7C84B24ADF1210080D9C6 /* Main.storyboard in Resources */,
				8B14A10E24D55C4700B49275 /* RSSFeedStoryboard.storyboard in Resources */,
			);
			runOnlyForDeploymentPostprocessing = 0;
		};
		8BF7C85424ADF1240080D9C6 /* Resources */ = {
			isa = PBXResourcesBuildPhase;
			buildActionMask = 2147483647;
			files = (
			);
			runOnlyForDeploymentPostprocessing = 0;
		};
/* End PBXResourcesBuildPhase section */

/* Begin PBXShellScriptBuildPhase section */
		28B23F76DED7F4CD0D037900 /* [CP] Check Pods Manifest.lock */ = {
			isa = PBXShellScriptBuildPhase;
			buildActionMask = 2147483647;
			files = (
			);
			inputFileListPaths = (
			);
			inputPaths = (
				"${PODS_PODFILE_DIR_PATH}/Podfile.lock",
				"${PODS_ROOT}/Manifest.lock",
			);
			name = "[CP] Check Pods Manifest.lock";
			outputFileListPaths = (
			);
			outputPaths = (
				"$(DERIVED_FILE_DIR)/Pods-GamingNews-checkManifestLockResult.txt",
			);
			runOnlyForDeploymentPostprocessing = 0;
			shellPath = /bin/sh;
			shellScript = "diff \"${PODS_PODFILE_DIR_PATH}/Podfile.lock\" \"${PODS_ROOT}/Manifest.lock\" > /dev/null\nif [ $? != 0 ] ; then\n    # print error to STDERR\n    echo \"error: The sandbox is not in sync with the Podfile.lock. Run 'pod install' or update your CocoaPods installation.\" >&2\n    exit 1\nfi\n# This output is used by Xcode 'outputs' to avoid re-running this script phase.\necho \"SUCCESS\" > \"${SCRIPT_OUTPUT_FILE_0}\"\n";
			showEnvVarsInLog = 0;
		};
		2DEB07644775D898D2064787 /* [CP] Check Pods Manifest.lock */ = {
			isa = PBXShellScriptBuildPhase;
			buildActionMask = 2147483647;
			files = (
			);
			inputFileListPaths = (
			);
			inputPaths = (
				"${PODS_PODFILE_DIR_PATH}/Podfile.lock",
				"${PODS_ROOT}/Manifest.lock",
			);
			name = "[CP] Check Pods Manifest.lock";
			outputFileListPaths = (
			);
			outputPaths = (
				"$(DERIVED_FILE_DIR)/Pods-GamingNews-GamingNewsTests-checkManifestLockResult.txt",
			);
			runOnlyForDeploymentPostprocessing = 0;
			shellPath = /bin/sh;
			shellScript = "diff \"${PODS_PODFILE_DIR_PATH}/Podfile.lock\" \"${PODS_ROOT}/Manifest.lock\" > /dev/null\nif [ $? != 0 ] ; then\n    # print error to STDERR\n    echo \"error: The sandbox is not in sync with the Podfile.lock. Run 'pod install' or update your CocoaPods installation.\" >&2\n    exit 1\nfi\n# This output is used by Xcode 'outputs' to avoid re-running this script phase.\necho \"SUCCESS\" > \"${SCRIPT_OUTPUT_FILE_0}\"\n";
			showEnvVarsInLog = 0;
		};
		762E1EDE5C041E9B738179CA /* [CP] Embed Pods Frameworks */ = {
			isa = PBXShellScriptBuildPhase;
			buildActionMask = 2147483647;
			files = (
			);
			inputFileListPaths = (
				"${PODS_ROOT}/Target Support Files/Pods-GamingNews/Pods-GamingNews-frameworks-${CONFIGURATION}-input-files.xcfilelist",
			);
			name = "[CP] Embed Pods Frameworks";
			outputFileListPaths = (
				"${PODS_ROOT}/Target Support Files/Pods-GamingNews/Pods-GamingNews-frameworks-${CONFIGURATION}-output-files.xcfilelist",
			);
			runOnlyForDeploymentPostprocessing = 0;
			shellPath = /bin/sh;
			shellScript = "\"${PODS_ROOT}/Target Support Files/Pods-GamingNews/Pods-GamingNews-frameworks.sh\"\n";
			showEnvVarsInLog = 0;
		};
		8B9BD3F124C071E6002D4232 /* ShellScript */ = {
			isa = PBXShellScriptBuildPhase;
			buildActionMask = 2147483647;
			files = (
			);
			inputPaths = (
			);
			outputPaths = (
			);
			runOnlyForDeploymentPostprocessing = 0;
			shellPath = /bin/sh;
			shellScript = "
";
		};
		EA87ECD465C61DF889DAF2D9 /* [CP] Embed Pods Frameworks */ = {
			isa = PBXShellScriptBuildPhase;
			buildActionMask = 2147483647;
			files = (
			);
			inputFileListPaths = (
				"${PODS_ROOT}/Target Support Files/Pods-GamingNews-GamingNewsTests/Pods-GamingNews-GamingNewsTests-frameworks-${CONFIGURATION}-input-files.xcfilelist",
			);
			name = "[CP] Embed Pods Frameworks";
			outputFileListPaths = (
				"${PODS_ROOT}/Target Support Files/Pods-GamingNews-GamingNewsTests/Pods-GamingNews-GamingNewsTests-frameworks-${CONFIGURATION}-output-files.xcfilelist",
			);
			runOnlyForDeploymentPostprocessing = 0;
			shellPath = /bin/sh;
			shellScript = "\"${PODS_ROOT}/Target Support Files/Pods-GamingNews-GamingNewsTests/Pods-GamingNews-GamingNewsTests-frameworks.sh\"\n";
			showEnvVarsInLog = 0;
		};
/* End PBXShellScriptBuildPhase section */

/* Begin PBXSourcesBuildPhase section */
		8BF7C83C24ADF1210080D9C6 /* Sources */ = {
			isa = PBXSourcesBuildPhase;
			buildActionMask = 2147483647;
			files = (
				8B57CFDD24CC18FB003D8789 /* Thematic.swift in Sources */,
				8B14A11824D5648B00B49275 /* strings.swift in Sources */,
				8BF0EDE224AE3062002DE29E /* RssService.swift in Sources */,
				8B14A11624D5648B00B49275 /* StoryboardScenes.swift in Sources */,
				8B14A11524D5648B00B49275 /* assets-images.swift in Sources */,
				8B14A10824D55BF900B49275 /* RSSFeedViewController.swift in Sources */,
				8B14A10C24D55C3300B49275 /* ArticleTableViewCell.swift in Sources */,
				8BF7C84824ADF1210080D9C6 /* ThematicCollectionViewController.swift in Sources */,
				8B14A10A24D55C0B00B49275 /* RSSFeedViewModel.swift in Sources */,
				8B57CFE024CC1CDE003D8789 /* ThematicViewModel.swift in Sources */,
				8B57CFE624CC22BE003D8789 /* ThematicCollectionCell.swift in Sources */,
				8B14A11724D5648B00B49275 /* StoryboardSegues.swift in Sources */,
				8BF7C84424ADF1210080D9C6 /* AppDelegate.swift in Sources */,
				8BF7C84624ADF1210080D9C6 /* SceneDelegate.swift in Sources */,
			);
			runOnlyForDeploymentPostprocessing = 0;
		};
		8BF7C85224ADF1240080D9C6 /* Sources */ = {
			isa = PBXSourcesBuildPhase;
			buildActionMask = 2147483647;
			files = (
				8BF7C85B24ADF1240080D9C6 /* GamingNewsTests.swift in Sources */,
			);
			runOnlyForDeploymentPostprocessing = 0;
		};
/* End PBXSourcesBuildPhase section */

/* Begin PBXTargetDependency section */
		8BF7C85824ADF1240080D9C6 /* PBXTargetDependency */ = {
			isa = PBXTargetDependency;
			target = 8BF7C83F24ADF1210080D9C6 /* GamingNews */;
			targetProxy = 8BF7C85724ADF1240080D9C6 /* PBXContainerItemProxy */;
		};
/* End PBXTargetDependency section */

/* Begin PBXVariantGroup section */
		8BF7C84924ADF1210080D9C6 /* Main.storyboard */ = {
			isa = PBXVariantGroup;
			children = (
				8BF7C84A24ADF1210080D9C6 /* Base */,
			);
			name = Main.storyboard;
			sourceTree = "<group>";
		};
		8BF7C84E24ADF1240080D9C6 /* LaunchScreen.storyboard */ = {
			isa = PBXVariantGroup;
			children = (
				8BF7C84F24ADF1240080D9C6 /* Base */,
			);
			name = LaunchScreen.storyboard;
			sourceTree = "<group>";
		};
/* End PBXVariantGroup section */

/* Begin XCBuildConfiguration section */
		8BF7C85D24ADF1240080D9C6 /* Debug */ = {
			isa = XCBuildConfiguration;
			buildSettings = {
				ALWAYS_SEARCH_USER_PATHS = NO;
				CLANG_ANALYZER_NONNULL = YES;
				CLANG_ANALYZER_NUMBER_OBJECT_CONVERSION = YES_AGGRESSIVE;
				CLANG_CXX_LANGUAGE_STANDARD = "gnu++14";
				CLANG_CXX_LIBRARY = "libc++";
				CLANG_ENABLE_MODULES = YES;
				CLANG_ENABLE_OBJC_ARC = YES;
				CLANG_ENABLE_OBJC_WEAK = YES;
				CLANG_WARN_BLOCK_CAPTURE_AUTORELEASING = YES;
				CLANG_WARN_BOOL_CONVERSION = YES;
				CLANG_WARN_COMMA = YES;
				CLANG_WARN_CONSTANT_CONVERSION = YES;
				CLANG_WARN_DEPRECATED_OBJC_IMPLEMENTATIONS = YES;
				CLANG_WARN_DIRECT_OBJC_ISA_USAGE = YES_ERROR;
				CLANG_WARN_DOCUMENTATION_COMMENTS = YES;
				CLANG_WARN_EMPTY_BODY = YES;
				CLANG_WARN_ENUM_CONVERSION = YES;
				CLANG_WARN_INFINITE_RECURSION = YES;
				CLANG_WARN_INT_CONVERSION = YES;
				CLANG_WARN_NON_LITERAL_NULL_CONVERSION = YES;
				CLANG_WARN_OBJC_IMPLICIT_RETAIN_SELF = YES;
				CLANG_WARN_OBJC_LITERAL_CONVERSION = YES;
				CLANG_WARN_OBJC_ROOT_CLASS = YES_ERROR;
				CLANG_WARN_RANGE_LOOP_ANALYSIS = YES;
				CLANG_WARN_STRICT_PROTOTYPES = YES;
				CLANG_WARN_SUSPICIOUS_MOVE = YES;
				CLANG_WARN_UNGUARDED_AVAILABILITY = YES_AGGRESSIVE;
				CLANG_WARN_UNREACHABLE_CODE = YES;
				CLANG_WARN__DUPLICATE_METHOD_MATCH = YES;
				COPY_PHASE_STRIP = NO;
				DEBUG_INFORMATION_FORMAT = dwarf;
				ENABLE_STRICT_OBJC_MSGSEND = YES;
				ENABLE_TESTABILITY = YES;
				GCC_C_LANGUAGE_STANDARD = gnu11;
				GCC_DYNAMIC_NO_PIC = NO;
				GCC_NO_COMMON_BLOCKS = YES;
				GCC_OPTIMIZATION_LEVEL = 0;
				GCC_PREPROCESSOR_DEFINITIONS = (
					"DEBUG=1",
					"$(inherited)",
				);
				GCC_WARN_64_TO_32_BIT_CONVERSION = YES;
				GCC_WARN_ABOUT_RETURN_TYPE = YES_ERROR;
				GCC_WARN_UNDECLARED_SELECTOR = YES;
				GCC_WARN_UNINITIALIZED_AUTOS = YES_AGGRESSIVE;
				GCC_WARN_UNUSED_FUNCTION = YES;
				GCC_WARN_UNUSED_VARIABLE = YES;
				IPHONEOS_DEPLOYMENT_TARGET = 13.4;
				MTL_ENABLE_DEBUG_INFO = INCLUDE_SOURCE;
				MTL_FAST_MATH = YES;
				ONLY_ACTIVE_ARCH = YES;
				SDKROOT = iphoneos;
				SWIFT_ACTIVE_COMPILATION_CONDITIONS = DEBUG;
				SWIFT_OPTIMIZATION_LEVEL = "-Onone";
			};
			name = Debug;
		};
		8BF7C85E24ADF1240080D9C6 /* Release */ = {
			isa = XCBuildConfiguration;
			buildSettings = {
				ALWAYS_SEARCH_USER_PATHS = NO;
				CLANG_ANALYZER_NONNULL = YES;
				CLANG_ANALYZER_NUMBER_OBJECT_CONVERSION = YES_AGGRESSIVE;
				CLANG_CXX_LANGUAGE_STANDARD = "gnu++14";
				CLANG_CXX_LIBRARY = "libc++";
				CLANG_ENABLE_MODULES = YES;
				CLANG_ENABLE_OBJC_ARC = YES;
				CLANG_ENABLE_OBJC_WEAK = YES;
				CLANG_WARN_BLOCK_CAPTURE_AUTORELEASING = YES;
				CLANG_WARN_BOOL_CONVERSION = YES;
				CLANG_WARN_COMMA = YES;
				CLANG_WARN_CONSTANT_CONVERSION = YES;
				CLANG_WARN_DEPRECATED_OBJC_IMPLEMENTATIONS = YES;
				CLANG_WARN_DIRECT_OBJC_ISA_USAGE = YES_ERROR;
				CLANG_WARN_DOCUMENTATION_COMMENTS = YES;
				CLANG_WARN_EMPTY_BODY = YES;
				CLANG_WARN_ENUM_CONVERSION = YES;
				CLANG_WARN_INFINITE_RECURSION = YES;
				CLANG_WARN_INT_CONVERSION = YES;
				CLANG_WARN_NON_LITERAL_NULL_CONVERSION = YES;
				CLANG_WARN_OBJC_IMPLICIT_RETAIN_SELF = YES;
				CLANG_WARN_OBJC_LITERAL_CONVERSION = YES;
				CLANG_WARN_OBJC_ROOT_CLASS = YES_ERROR;
				CLANG_WARN_RANGE_LOOP_ANALYSIS = YES;
				CLANG_WARN_STRICT_PROTOTYPES = YES;
				CLANG_WARN_SUSPICIOUS_MOVE = YES;
				CLANG_WARN_UNGUARDED_AVAILABILITY = YES_AGGRESSIVE;
				CLANG_WARN_UNREACHABLE_CODE = YES;
				CLANG_WARN__DUPLICATE_METHOD_MATCH = YES;
				COPY_PHASE_STRIP = NO;
				DEBUG_INFORMATION_FORMAT = "dwarf-with-dsym";
				ENABLE_NS_ASSERTIONS = NO;
				ENABLE_STRICT_OBJC_MSGSEND = YES;
				GCC_C_LANGUAGE_STANDARD = gnu11;
				GCC_NO_COMMON_BLOCKS = YES;
				GCC_WARN_64_TO_32_BIT_CONVERSION = YES;
				GCC_WARN_ABOUT_RETURN_TYPE = YES_ERROR;
				GCC_WARN_UNDECLARED_SELECTOR = YES;
				GCC_WARN_UNINITIALIZED_AUTOS = YES_AGGRESSIVE;
				GCC_WARN_UNUSED_FUNCTION = YES;
				GCC_WARN_UNUSED_VARIABLE = YES;
				IPHONEOS_DEPLOYMENT_TARGET = 13.4;
				MTL_ENABLE_DEBUG_INFO = NO;
				MTL_FAST_MATH = YES;
				SDKROOT = iphoneos;
				SWIFT_COMPILATION_MODE = wholemodule;
				SWIFT_OPTIMIZATION_LEVEL = "-O";
				VALIDATE_PRODUCT = YES;
			};
			name = Release;
		};
		8BF7C86024ADF1240080D9C6 /* Debug */ = {
			isa = XCBuildConfiguration;
			baseConfigurationReference = 8136AB9A49E5A4ABED2794E3 /* Pods-GamingNews.debug.xcconfig */;
			buildSettings = {
				ASSETCATALOG_COMPILER_APPICON_NAME = AppIcon;
				CODE_SIGN_STYLE = Automatic;
				DEVELOPMENT_TEAM = 73HJ4V6TMH;
				INFOPLIST_FILE = GamingNews/Info.plist;
				IPHONEOS_DEPLOYMENT_TARGET = 11.0;
				LD_RUNPATH_SEARCH_PATHS = (
					"$(inherited)",
					"@executable_path/Frameworks",
				);
				ONLY_ACTIVE_ARCH = NO;
				PRODUCT_BUNDLE_IDENTIFIER = com.NatProd.GamingNews;
				PRODUCT_NAME = "$(TARGET_NAME)";
				SWIFT_VERSION = 5.0;
				TARGETED_DEVICE_FAMILY = 1;
			};
			name = Debug;
		};
		8BF7C86124ADF1240080D9C6 /* Release */ = {
			isa = XCBuildConfiguration;
			baseConfigurationReference = D516AB4B4C4A45D44F9BC584 /* Pods-GamingNews.release.xcconfig */;
			buildSettings = {
				ASSETCATALOG_COMPILER_APPICON_NAME = AppIcon;
				CODE_SIGN_STYLE = Automatic;
				DEVELOPMENT_TEAM = 73HJ4V6TMH;
				INFOPLIST_FILE = GamingNews/Info.plist;
				IPHONEOS_DEPLOYMENT_TARGET = 11.0;
				LD_RUNPATH_SEARCH_PATHS = (
					"$(inherited)",
					"@executable_path/Frameworks",
				);
				ONLY_ACTIVE_ARCH = NO;
				PRODUCT_BUNDLE_IDENTIFIER = com.NatProd.GamingNews;
				PRODUCT_NAME = "$(TARGET_NAME)";
				SWIFT_VERSION = 5.0;
				TARGETED_DEVICE_FAMILY = 1;
			};
			name = Release;
		};
		8BF7C86324ADF1240080D9C6 /* Debug */ = {
			isa = XCBuildConfiguration;
			baseConfigurationReference = 56AFD3751F7741CA80882D16 /* Pods-GamingNews-GamingNewsTests.debug.xcconfig */;
			buildSettings = {
				ALWAYS_EMBED_SWIFT_STANDARD_LIBRARIES = YES;
				BUNDLE_LOADER = "$(TEST_HOST)";
				CODE_SIGN_STYLE = Automatic;
				DEVELOPMENT_TEAM = 73HJ4V6TMH;
				INFOPLIST_FILE = GamingNewsTests/Info.plist;
				IPHONEOS_DEPLOYMENT_TARGET = 13.4;
				LD_RUNPATH_SEARCH_PATHS = (
					"$(inherited)",
					"@executable_path/Frameworks",
					"@loader_path/Frameworks",
				);
				PRODUCT_BUNDLE_IDENTIFIER = com.NatProd.GamingNewsTests;
				PRODUCT_NAME = "$(TARGET_NAME)";
				SWIFT_VERSION = 5.0;
				TARGETED_DEVICE_FAMILY = "1,2";
				TEST_HOST = "$(BUILT_PRODUCTS_DIR)/GamingNews.app/GamingNews";
			};
			name = Debug;
		};
		8BF7C86424ADF1240080D9C6 /* Release */ = {
			isa = XCBuildConfiguration;
			baseConfigurationReference = 80A74B0DFF31D221B34EC971 /* Pods-GamingNews-GamingNewsTests.release.xcconfig */;
			buildSettings = {
				ALWAYS_EMBED_SWIFT_STANDARD_LIBRARIES = YES;
				BUNDLE_LOADER = "$(TEST_HOST)";
				CODE_SIGN_STYLE = Automatic;
				DEVELOPMENT_TEAM = 73HJ4V6TMH;
				INFOPLIST_FILE = GamingNewsTests/Info.plist;
				IPHONEOS_DEPLOYMENT_TARGET = 13.4;
				LD_RUNPATH_SEARCH_PATHS = (
					"$(inherited)",
					"@executable_path/Frameworks",
					"@loader_path/Frameworks",
				);
				PRODUCT_BUNDLE_IDENTIFIER = com.NatProd.GamingNewsTests;
				PRODUCT_NAME = "$(TARGET_NAME)";
				SWIFT_VERSION = 5.0;
				TARGETED_DEVICE_FAMILY = "1,2";
				TEST_HOST = "$(BUILT_PRODUCTS_DIR)/GamingNews.app/GamingNews";
			};
			name = Release;
		};
/* End XCBuildConfiguration section */

/* Begin XCConfigurationList section */
		8BF7C83B24ADF1200080D9C6 /* Build configuration list for PBXProject "GamingNews" */ = {
			isa = XCConfigurationList;
			buildConfigurations = (
				8BF7C85D24ADF1240080D9C6 /* Debug */,
				8BF7C85E24ADF1240080D9C6 /* Release */,
			);
			defaultConfigurationIsVisible = 0;
			defaultConfigurationName = Release;
		};
		8BF7C85F24ADF1240080D9C6 /* Build configuration list for PBXNativeTarget "GamingNews" */ = {
			isa = XCConfigurationList;
			buildConfigurations = (
				8BF7C86024ADF1240080D9C6 /* Debug */,
				8BF7C86124ADF1240080D9C6 /* Release */,
			);
			defaultConfigurationIsVisible = 0;
			defaultConfigurationName = Release;
		};
		8BF7C86224ADF1240080D9C6 /* Build configuration list for PBXNativeTarget "GamingNewsTests" */ = {
			isa = XCConfigurationList;
			buildConfigurations = (
				8BF7C86324ADF1240080D9C6 /* Debug */,
				8BF7C86424ADF1240080D9C6 /* Release */,
			);
			defaultConfigurationIsVisible = 0;
			defaultConfigurationName = Release;
		};
/* End XCConfigurationList section */
	};
	rootObject = 8BF7C83824ADF1200080D9C6 /* Project object */;
}
